
Microsoft Visual Studio Solution File, Format Version 12.00
# Visual Studio Version 16
VisualStudioVersion = 16.0.29613.14
MinimumVisualStudioVersion = 10.0.40219.1
Project("{2150E333-8FDC-42A3-9474-1A3956D46DE8}") = "3. Data", "3. Data", "{CB33C44A-E8C5-45F4-A396-B18FCF8BC070}"
EndProject
Project("{2150E333-8FDC-42A3-9474-1A3956D46DE8}") = "Context", "Context", "{1FD40D57-C8A1-4BB4-AF85-46C6D773919B}"
EndProject
Project("{2150E333-8FDC-42A3-9474-1A3956D46DE8}") = "Repository", "Repository", "{1AB244B1-3003-4ADC-8C6F-3CDB57A5F89F}"
EndProject
Project("{FAE04EC0-301F-11D3-BF4B-00C04F79EFBC}") = "Repositroy", "Repositroy\Repositroy.csproj", "{D1C4595A-62E8-46FE-AF59-AF097F6C07FA}"
EndProject
Project("{FAE04EC0-301F-11D3-BF4B-00C04F79EFBC}") = "InventarioContext", "InventarioContext\InventarioContext.csproj", "{5C3B3CC0-A1F7-44BA-B63B-9719BF09A9DF}"
EndProject
Project("{2150E333-8FDC-42A3-9474-1A3956D46DE8}") = "UnitOfWork", "UnitOfWork", "{E0558A2A-5B7A-47D4-A99F-9ACBA6E467D0}"
EndProject
Project("{FAE04EC0-301F-11D3-BF4B-00C04F79EFBC}") = "UnitOfWork", "UnitOfWork\UnitOfWork.csproj", "{0E1459FB-216F-40C7-B9F9-1BDAC4BCB43A}"
EndProject
Project("{2150E333-8FDC-42A3-9474-1A3956D46DE8}") = "2.Business", "2.Business", "{0A10D68C-1462-4AA4-88A7-9B67695CB6A7}"
EndProject
Project("{2150E333-8FDC-42A3-9474-1A3956D46DE8}") = "Inventario", "Inventario", "{950C553B-A859-4E80-881F-9AB4499B1AA4}"
EndProject
Project("{FAE04EC0-301F-11D3-BF4B-00C04F79EFBC}") = "InventarioBus", "InventarioBus\InventarioBus.csproj", "{715E4152-1EF1-443F-81D6-0589D3B116DC}"
EndProject
Project("{2150E333-8FDC-42A3-9474-1A3956D46DE8}") = "Producto", "Producto", "{F22CF873-700C-48A5-9110-B1F8CD9F8AFA}"
EndProject
Project("{FAE04EC0-301F-11D3-BF4B-00C04F79EFBC}") = "ProductoBus", "ProductoBus\ProductoBus.csproj", "{20A0F257-431D-439F-BA2D-B37183C6AE02}"
EndProject
Project("{2150E333-8FDC-42A3-9474-1A3956D46DE8}") = "1.Api", "1.Api", "{6EA276F5-ECD8-440C-A526-D2EF011634BE}"
EndProject
Project("{FAE04EC0-301F-11D3-BF4B-00C04F79EFBC}") = "InventarioWebApi", "InventarioWebApi\InventarioWebApi.csproj", "{568681D3-9E88-4E6B-B53F-0D8EEC3D799D}"
EndProject
Project("{2150E333-8FDC-42A3-9474-1A3956D46DE8}") = "0. Host", "0. Host", "{668BD038-543C-49EC-8F24-2DC8E59FDF2C}"
EndProject
Project("{FAE04EC0-301F-11D3-BF4B-00C04F79EFBC}") = "ConsoleHostTest", "ConsoleHostTest\ConsoleHostTest.csproj", "{1DE17758-C2B4-440B-9F80-AB528A84AA81}"
EndProject
Project("{FAE04EC0-301F-11D3-BF4B-00C04F79EFBC}") = "UIInventario", "UIInventario\UIInventario.csproj", "{506D7759-146F-4CEB-83B5-FBAE1E9F6D17}"
EndProject
Project("{2150E333-8FDC-42A3-9474-1A3956D46DE8}") = "Sucursal", "Sucursal", "{A2298623-A48D-4D43-A937-9C14F26D8206}"
EndProject
Project("{FAE04EC0-301F-11D3-BF4B-00C04F79EFBC}") = "SucursalBus", "SucursalBus\SucursalBus.csproj", "{EF9F4441-3C09-4D3C-AB08-A3AF4B7968A1}"
EndProject
Global
	GlobalSection(SolutionConfigurationPlatforms) = preSolution
		Debug|Any CPU = Debug|Any CPU
		Release|Any CPU = Release|Any CPU
	EndGlobalSection
	GlobalSection(ProjectConfigurationPlatforms) = postSolution
		{D1C4595A-62E8-46FE-AF59-AF097F6C07FA}.Debug|Any CPU.ActiveCfg = Debug|Any CPU
		{D1C4595A-62E8-46FE-AF59-AF097F6C07FA}.Debug|Any CPU.Build.0 = Debug|Any CPU
		{D1C4595A-62E8-46FE-AF59-AF097F6C07FA}.Release|Any CPU.ActiveCfg = Release|Any CPU
		{D1C4595A-62E8-46FE-AF59-AF097F6C07FA}.Release|Any CPU.Build.0 = Release|Any CPU
		{5C3B3CC0-A1F7-44BA-B63B-9719BF09A9DF}.Debug|Any CPU.ActiveCfg = Debug|Any CPU
		{5C3B3CC0-A1F7-44BA-B63B-9719BF09A9DF}.Debug|Any CPU.Build.0 = Debug|Any CPU
		{5C3B3CC0-A1F7-44BA-B63B-9719BF09A9DF}.Release|Any CPU.ActiveCfg = Release|Any CPU
		{5C3B3CC0-A1F7-44BA-B63B-9719BF09A9DF}.Release|Any CPU.Build.0 = Release|Any CPU
		{0E1459FB-216F-40C7-B9F9-1BDAC4BCB43A}.Debug|Any CPU.ActiveCfg = Debug|Any CPU
		{0E1459FB-216F-40C7-B9F9-1BDAC4BCB43A}.Debug|Any CPU.Build.0 = Debug|Any CPU
		{0E1459FB-216F-40C7-B9F9-1BDAC4BCB43A}.Release|Any CPU.ActiveCfg = Release|Any CPU
		{0E1459FB-216F-40C7-B9F9-1BDAC4BCB43A}.Release|Any CPU.Build.0 = Release|Any CPU
		{715E4152-1EF1-443F-81D6-0589D3B116DC}.Debug|Any CPU.ActiveCfg = Debug|Any CPU
		{715E4152-1EF1-443F-81D6-0589D3B116DC}.Debug|Any CPU.Build.0 = Debug|Any CPU
		{715E4152-1EF1-443F-81D6-0589D3B116DC}.Release|Any CPU.ActiveCfg = Release|Any CPU
		{715E4152-1EF1-443F-81D6-0589D3B116DC}.Release|Any CPU.Build.0 = Release|Any CPU
		{20A0F257-431D-439F-BA2D-B37183C6AE02}.Debug|Any CPU.ActiveCfg = Debug|Any CPU
		{20A0F257-431D-439F-BA2D-B37183C6AE02}.Debug|Any CPU.Build.0 = Debug|Any CPU
		{20A0F257-431D-439F-BA2D-B37183C6AE02}.Release|Any CPU.ActiveCfg = Release|Any CPU
		{20A0F257-431D-439F-BA2D-B37183C6AE02}.Release|Any CPU.Build.0 = Release|Any CPU
		{568681D3-9E88-4E6B-B53F-0D8EEC3D799D}.Debug|Any CPU.ActiveCfg = Debug|Any CPU
		{568681D3-9E88-4E6B-B53F-0D8EEC3D799D}.Debug|Any CPU.Build.0 = Debug|Any CPU
		{568681D3-9E88-4E6B-B53F-0D8EEC3D799D}.Release|Any CPU.ActiveCfg = Release|Any CPU
		{568681D3-9E88-4E6B-B53F-0D8EEC3D799D}.Release|Any CPU.Build.0 = Release|Any CPU
		{1DE17758-C2B4-440B-9F80-AB528A84AA81}.Debug|Any CPU.ActiveCfg = Debug|Any CPU
		{1DE17758-C2B4-440B-9F80-AB528A84AA81}.Debug|Any CPU.Build.0 = Debug|Any CPU
		{1DE17758-C2B4-440B-9F80-AB528A84AA81}.Release|Any CPU.ActiveCfg = Release|Any CPU
		{1DE17758-C2B4-440B-9F80-AB528A84AA81}.Release|Any CPU.Build.0 = Release|Any CPU
		{506D7759-146F-4CEB-83B5-FBAE1E9F6D17}.Debug|Any CPU.ActiveCfg = Debug|Any CPU
		{506D7759-146F-4CEB-83B5-FBAE1E9F6D17}.Debug|Any CPU.Build.0 = Debug|Any CPU
		{506D7759-146F-4CEB-83B5-FBAE1E9F6D17}.Release|Any CPU.ActiveCfg = Release|Any CPU
		{506D7759-146F-4CEB-83B5-FBAE1E9F6D17}.Release|Any CPU.Build.0 = Release|Any CPU
		{EF9F4441-3C09-4D3C-AB08-A3AF4B7968A1}.Debug|Any CPU.ActiveCfg = Debug|Any CPU
		{EF9F4441-3C09-4D3C-AB08-A3AF4B7968A1}.Debug|Any CPU.Build.0 = Debug|Any CPU
		{EF9F4441-3C09-4D3C-AB08-A3AF4B7968A1}.Release|Any CPU.ActiveCfg = Release|Any CPU
		{EF9F4441-3C09-4D3C-AB08-A3AF4B7968A1}.Release|Any CPU.Build.0 = Release|Any CPU
	EndGlobalSection
	GlobalSection(SolutionProperties) = preSolution
		HideSolutionNode = FALSE
	EndGlobalSection
	GlobalSection(NestedProjects) = preSolution
		{1FD40D57-C8A1-4BB4-AF85-46C6D773919B} = {CB33C44A-E8C5-45F4-A396-B18FCF8BC070}
		{1AB244B1-3003-4ADC-8C6F-3CDB57A5F89F} = {CB33C44A-E8C5-45F4-A396-B18FCF8BC070}
		{D1C4595A-62E8-46FE-AF59-AF097F6C07FA} = {1AB244B1-3003-4ADC-8C6F-3CDB57A5F89F}
		{5C3B3CC0-A1F7-44BA-B63B-9719BF09A9DF} = {1FD40D57-C8A1-4BB4-AF85-46C6D773919B}
		{E0558A2A-5B7A-47D4-A99F-9ACBA6E467D0} = {CB33C44A-E8C5-45F4-A396-B18FCF8BC070}
		{0E1459FB-216F-40C7-B9F9-1BDAC4BCB43A} = {E0558A2A-5B7A-47D4-A99F-9ACBA6E467D0}
		{950C553B-A859-4E80-881F-9AB4499B1AA4} = {0A10D68C-1462-4AA4-88A7-9B67695CB6A7}
		{715E4152-1EF1-443F-81D6-0589D3B116DC} = {950C553B-A859-4E80-881F-9AB4499B1AA4}
		{F22CF873-700C-48A5-9110-B1F8CD9F8AFA} = {0A10D68C-1462-4AA4-88A7-9B67695CB6A7}
		{20A0F257-431D-439F-BA2D-B37183C6AE02} = {F22CF873-700C-48A5-9110-B1F8CD9F8AFA}
		{568681D3-9E88-4E6B-B53F-0D8EEC3D799D} = {6EA276F5-ECD8-440C-A526-D2EF011634BE}
		{1DE17758-C2B4-440B-9F80-AB528A84AA81} = {668BD038-543C-49EC-8F24-2DC8E59FDF2C}
		{506D7759-146F-4CEB-83B5-FBAE1E9F6D17} = {668BD038-543C-49EC-8F24-2DC8E59FDF2C}
		{A2298623-A48D-4D43-A937-9C14F26D8206} = {0A10D68C-1462-4AA4-88A7-9B67695CB6A7}
		{EF9F4441-3C09-4D3C-AB08-A3AF4B7968A1} = {A2298623-A48D-4D43-A937-9C14F26D8206}
	EndGlobalSection
	GlobalSection(ExtensibilityGlobals) = postSolution
		SolutionGuid = {187B6E3D-9990-4A0B-A2D9-6379129CF407}
	EndGlobalSection
EndGlobal
